
Microsoft Visual Studio Solution File, Format Version 12.00
# Visual Studio Version 17
VisualStudioVersion = 17.0.31903.59
MinimumVisualStudioVersion = 10.0.40219.1
Project("{2150E333-8FDC-42A3-9474-1A3956D46DE8}") = "src", "src", "{827E0CD3-B72D-47B6-A68D-7590B98EB39B}"
EndProject
Project("{FAE04EC0-301F-11D3-BF4B-00C04F79EFBC}") = "Liviate.Rag", "src\Liviate.Rag\Liviate.Rag.csproj", "{0271C86A-232C-4703-A0BB-85309E542E29}"
EndProject
Project("{2150E333-8FDC-42A3-9474-1A3956D46DE8}") = "tests", "tests", "{0AB3BF05-4346-4AA6-1389-037BE0695223}"
EndProject
Project("{FAE04EC0-301F-11D3-BF4B-00C04F79EFBC}") = "Liviate.Rag.Tests", "tests\Liviate.Rag.Tests\Liviate.Rag.Tests.csproj", "{C693A9BA-39F4-4C23-BC7D-F2E407577500}"
EndProject
Project("{2150E333-8FDC-42A3-9474-1A3956D46DE8}") = "examples", "examples", "{B36A84DF-456D-A817-6EDD-3EC3E7F6E11F}"
EndProject
Project("{FAE04EC0-301F-11D3-BF4B-00C04F79EFBC}") = "HelloWorld", "examples\HelloWorld\HelloWorld.csproj", "{4A9EC66B-0099-4876-B0DD-9D227C7EB461}"
EndProject
Project("{FAE04EC0-301F-11D3-BF4B-00C04F79EFBC}") = "Quickstart", "examples\Quickstart\Quickstart.csproj", "{44869C74-702E-4B20-84FB-73968BC92E40}"
EndProject
Global
	GlobalSection(SolutionConfigurationPlatforms) = preSolution
		Debug|Any CPU = Debug|Any CPU
		Debug|x64 = Debug|x64
		Debug|x86 = Debug|x86
		Release|Any CPU = Release|Any CPU
		Release|x64 = Release|x64
		Release|x86 = Release|x86
	EndGlobalSection
	GlobalSection(ProjectConfigurationPlatforms) = postSolution
		{0271C86A-232C-4703-A0BB-85309E542E29}.Debug|Any CPU.ActiveCfg = Debug|Any CPU
		{0271C86A-232C-4703-A0BB-85309E542E29}.Debug|Any CPU.Build.0 = Debug|Any CPU
		{0271C86A-232C-4703-A0BB-85309E542E29}.Debug|x64.ActiveCfg = Debug|Any CPU
		{0271C86A-232C-4703-A0BB-85309E542E29}.Debug|x64.Build.0 = Debug|Any CPU
		{0271C86A-232C-4703-A0BB-85309E542E29}.Debug|x86.ActiveCfg = Debug|Any CPU
		{0271C86A-232C-4703-A0BB-85309E542E29}.Debug|x86.Build.0 = Debug|Any CPU
		{0271C86A-232C-4703-A0BB-85309E542E29}.Release|Any CPU.ActiveCfg = Release|Any CPU
		{0271C86A-232C-4703-A0BB-85309E542E29}.Release|Any CPU.Build.0 = Release|Any CPU
		{0271C86A-232C-4703-A0BB-85309E542E29}.Release|x64.ActiveCfg = Release|Any CPU
		{0271C86A-232C-4703-A0BB-85309E542E29}.Release|x64.Build.0 = Release|Any CPU
		{0271C86A-232C-4703-A0BB-85309E542E29}.Release|x86.ActiveCfg = Release|Any CPU
		{0271C86A-232C-4703-A0BB-85309E542E29}.Release|x86.Build.0 = Release|Any CPU
		{C693A9BA-39F4-4C23-BC7D-F2E407577500}.Debug|Any CPU.ActiveCfg = Debug|Any CPU
		{C693A9BA-39F4-4C23-BC7D-F2E407577500}.Debug|Any CPU.Build.0 = Debug|Any CPU
		{C693A9BA-39F4-4C23-BC7D-F2E407577500}.Debug|x64.ActiveCfg = Debug|Any CPU
		{C693A9BA-39F4-4C23-BC7D-F2E407577500}.Debug|x64.Build.0 = Debug|Any CPU
		{C693A9BA-39F4-4C23-BC7D-F2E407577500}.Debug|x86.ActiveCfg = Debug|Any CPU
		{C693A9BA-39F4-4C23-BC7D-F2E407577500}.Debug|x86.Build.0 = Debug|Any CPU
		{C693A9BA-39F4-4C23-BC7D-F2E407577500}.Release|Any CPU.ActiveCfg = Release|Any CPU
		{C693A9BA-39F4-4C23-BC7D-F2E407577500}.Release|Any CPU.Build.0 = Release|Any CPU
		{C693A9BA-39F4-4C23-BC7D-F2E407577500}.Release|x64.ActiveCfg = Release|Any CPU
		{C693A9BA-39F4-4C23-BC7D-F2E407577500}.Release|x64.Build.0 = Release|Any CPU
		{C693A9BA-39F4-4C23-BC7D-F2E407577500}.Release|x86.ActiveCfg = Release|Any CPU
		{C693A9BA-39F4-4C23-BC7D-F2E407577500}.Release|x86.Build.0 = Release|Any CPU
		{4A9EC66B-0099-4876-B0DD-9D227C7EB461}.Debug|Any CPU.ActiveCfg = Debug|Any CPU
		{4A9EC66B-0099-4876-B0DD-9D227C7EB461}.Debug|Any CPU.Build.0 = Debug|Any CPU
		{4A9EC66B-0099-4876-B0DD-9D227C7EB461}.Debug|x64.ActiveCfg = Debug|Any CPU
		{4A9EC66B-0099-4876-B0DD-9D227C7EB461}.Debug|x64.Build.0 = Debug|Any CPU
		{4A9EC66B-0099-4876-B0DD-9D227C7EB461}.Debug|x86.ActiveCfg = Debug|Any CPU
		{4A9EC66B-0099-4876-B0DD-9D227C7EB461}.Debug|x86.Build.0 = Debug|Any CPU
		{4A9EC66B-0099-4876-B0DD-9D227C7EB461}.Release|Any CPU.ActiveCfg = Release|Any CPU
		{4A9EC66B-0099-4876-B0DD-9D227C7EB461}.Release|Any CPU.Build.0 = Release|Any CPU
		{4A9EC66B-0099-4876-B0DD-9D227C7EB461}.Release|x64.ActiveCfg = Release|Any CPU
		{4A9EC66B-0099-4876-B0DD-9D227C7EB461}.Release|x64.Build.0 = Release|Any CPU
		{4A9EC66B-0099-4876-B0DD-9D227C7EB461}.Release|x86.ActiveCfg = Release|Any CPU
		{4A9EC66B-0099-4876-B0DD-9D227C7EB461}.Release|x86.Build.0 = Release|Any CPU
		{44869C74-702E-4B20-84FB-73968BC92E40}.Debug|Any CPU.ActiveCfg = Debug|Any CPU
		{44869C74-702E-4B20-84FB-73968BC92E40}.Debug|Any CPU.Build.0 = Debug|Any CPU
		{44869C74-702E-4B20-84FB-73968BC92E40}.Debug|x64.ActiveCfg = Debug|Any CPU
		{44869C74-702E-4B20-84FB-73968BC92E40}.Debug|x64.Build.0 = Debug|Any CPU
		{44869C74-702E-4B20-84FB-73968BC92E40}.Debug|x86.ActiveCfg = Debug|Any CPU
		{44869C74-702E-4B20-84FB-73968BC92E40}.Debug|x86.Build.0 = Debug|Any CPU
		{44869C74-702E-4B20-84FB-73968BC92E40}.Release|Any CPU.ActiveCfg = Release|Any CPU
		{44869C74-702E-4B20-84FB-73968BC92E40}.Release|Any CPU.Build.0 = Release|Any CPU
		{44869C74-702E-4B20-84FB-73968BC92E40}.Release|x64.ActiveCfg = Release|Any CPU
		{44869C74-702E-4B20-84FB-73968BC92E40}.Release|x64.Build.0 = Release|Any CPU
		{44869C74-702E-4B20-84FB-73968BC92E40}.Release|x86.ActiveCfg = Release|Any CPU
		{44869C74-702E-4B20-84FB-73968BC92E40}.Release|x86.Build.0 = Release|Any CPU
	EndGlobalSection
	GlobalSection(SolutionProperties) = preSolution
		HideSolutionNode = FALSE
	EndGlobalSection
	GlobalSection(NestedProjects) = preSolution
		{0271C86A-232C-4703-A0BB-85309E542E29} = {827E0CD3-B72D-47B6-A68D-7590B98EB39B}
		{C693A9BA-39F4-4C23-BC7D-F2E407577500} = {0AB3BF05-4346-4AA6-1389-037BE0695223}
		{4A9EC66B-0099-4876-B0DD-9D227C7EB461} = {B36A84DF-456D-A817-6EDD-3EC3E7F6E11F}
		{44869C74-702E-4B20-84FB-73968BC92E40} = {B36A84DF-456D-A817-6EDD-3EC3E7F6E11F}
	EndGlobalSection
EndGlobal
